
Microsoft Visual Studio Solution File, Format Version 11.00
# Visual C# Express 2010
Project("{FAE04EC0-301F-11D3-BF4B-00C04F79EFBC}") = "AviraUpdater", "AviraUpdater\AviraUpdater.csproj", "{919F730D-87E0-4E4F-A07A-528B5FDF4A0B}"
EndProject
Global
	GlobalSection(SolutionConfigurationPlatforms) = preSolution
		Debug|x86 = Debug|x86
		Release|x86 = Release|x86
	EndGlobalSection
	GlobalSection(ProjectConfigurationPlatforms) = postSolution
		{919F730D-87E0-4E4F-A07A-528B5FDF4A0B}.Debug|x86.ActiveCfg = Debug|x86
		{919F730D-87E0-4E4F-A07A-528B5FDF4A0B}.Debug|x86.Build.0 = Debug|x86
		{919F730D-87E0-4E4F-A07A-528B5FDF4A0B}.Release|x86.ActiveCfg = Release|x86
		{919F730D-87E0-4E4F-A07A-528B5FDF4A0B}.Release|x86.Build.0 = Release|x86
	EndGlobalSection
	GlobalSection(SolutionProperties) = preSolution
		HideSolutionNode = FALSE
	EndGlobalSection
EndGlobal
